
Microsoft Visual Studio Solution File, Format Version 12.00
# Visual Studio 14
VisualStudioVersion = 14.0.25420.1
MinimumVisualStudioVersion = 10.0.40219.1
Project("{8BC9CEB8-8B4A-11D0-8D11-00A0C91BC942}") = "TestStable", "TestStable\TestStable.vcxproj", "{19CEFB30-3B46-4655-B4D7-54D168020453}"
	ProjectSection(ProjectDependencies) = postProject
		{30A387F4-6255-3491-A4E1-551D2DB7862A} = {30A387F4-6255-3491-A4E1-551D2DB7862A}
	EndProjectSection
EndProject
Project("{8BC9CEB8-8B4A-11D0-8D11-00A0C91BC942}") = "StableRaw", "StableRaw\StableRaw.vcxproj", "{967CE8BF-E25A-4049-B33E-334DA6789E3B}"
	ProjectSection(ProjectDependencies) = postProject
		{30A387F4-6255-3491-A4E1-551D2DB7862A} = {30A387F4-6255-3491-A4E1-551D2DB7862A}
	EndProjectSection
EndProject
Project("{8BC9CEB8-8B4A-11D0-8D11-00A0C91BC942}") = "LuaLib", "..\wxLua\build\modules\lua-5.2\LuaLib.vcxproj", "{30A387F4-6255-3491-A4E1-551D2DB7862A}"
EndProject
Project("{8BC9CEB8-8B4A-11D0-8D11-00A0C91BC942}") = "SharedTable", "SharedTable\SharedTable.vcxproj", "{AC03984F-C157-4DD8-AAFD-641C432E3E30}"
EndProject
Project("{8BC9CEB8-8B4A-11D0-8D11-00A0C91BC942}") = "SharedStableDLL", "SharedStableDLL\SharedStableDLL.vcxproj", "{967CE8BF-E25A-4049-B67E-334DA6789E3B}"
EndProject
Global
	GlobalSection(SolutionConfigurationPlatforms) = preSolution
		Debug|x64 = Debug|x64
		Debug|x86 = Debug|x86
		MinSizeRel|x64 = MinSizeRel|x64
		MinSizeRel|x86 = MinSizeRel|x86
		Release|x64 = Release|x64
		Release|x86 = Release|x86
		RelWithDebInfo|x64 = RelWithDebInfo|x64
		RelWithDebInfo|x86 = RelWithDebInfo|x86
	EndGlobalSection
	GlobalSection(ProjectConfigurationPlatforms) = postSolution
		{19CEFB30-3B46-4655-B4D7-54D168020453}.Debug|x64.ActiveCfg = Debug|x64
		{19CEFB30-3B46-4655-B4D7-54D168020453}.Debug|x64.Build.0 = Debug|x64
		{19CEFB30-3B46-4655-B4D7-54D168020453}.Debug|x86.ActiveCfg = Debug|Win32
		{19CEFB30-3B46-4655-B4D7-54D168020453}.Debug|x86.Build.0 = Debug|Win32
		{19CEFB30-3B46-4655-B4D7-54D168020453}.MinSizeRel|x64.ActiveCfg = Release|x64
		{19CEFB30-3B46-4655-B4D7-54D168020453}.MinSizeRel|x64.Build.0 = Release|x64
		{19CEFB30-3B46-4655-B4D7-54D168020453}.MinSizeRel|x86.ActiveCfg = Release|Win32
		{19CEFB30-3B46-4655-B4D7-54D168020453}.MinSizeRel|x86.Build.0 = Release|Win32
		{19CEFB30-3B46-4655-B4D7-54D168020453}.Release|x64.ActiveCfg = Release|x64
		{19CEFB30-3B46-4655-B4D7-54D168020453}.Release|x64.Build.0 = Release|x64
		{19CEFB30-3B46-4655-B4D7-54D168020453}.Release|x86.ActiveCfg = Release|Win32
		{19CEFB30-3B46-4655-B4D7-54D168020453}.Release|x86.Build.0 = Release|Win32
		{19CEFB30-3B46-4655-B4D7-54D168020453}.RelWithDebInfo|x64.ActiveCfg = Release|x64
		{19CEFB30-3B46-4655-B4D7-54D168020453}.RelWithDebInfo|x64.Build.0 = Release|x64
		{19CEFB30-3B46-4655-B4D7-54D168020453}.RelWithDebInfo|x86.ActiveCfg = Release|Win32
		{19CEFB30-3B46-4655-B4D7-54D168020453}.RelWithDebInfo|x86.Build.0 = Release|Win32
		{967CE8BF-E25A-4049-B33E-334DA6789E3B}.Debug|x64.ActiveCfg = Debug|x64
		{967CE8BF-E25A-4049-B33E-334DA6789E3B}.Debug|x64.Build.0 = Debug|x64
		{967CE8BF-E25A-4049-B33E-334DA6789E3B}.Debug|x86.ActiveCfg = Debug|Win32
		{967CE8BF-E25A-4049-B33E-334DA6789E3B}.Debug|x86.Build.0 = Debug|Win32
		{967CE8BF-E25A-4049-B33E-334DA6789E3B}.MinSizeRel|x64.ActiveCfg = Release|x64
		{967CE8BF-E25A-4049-B33E-334DA6789E3B}.MinSizeRel|x64.Build.0 = Release|x64
		{967CE8BF-E25A-4049-B33E-334DA6789E3B}.MinSizeRel|x86.ActiveCfg = Release|Win32
		{967CE8BF-E25A-4049-B33E-334DA6789E3B}.MinSizeRel|x86.Build.0 = Release|Win32
		{967CE8BF-E25A-4049-B33E-334DA6789E3B}.Release|x64.ActiveCfg = Release|x64
		{967CE8BF-E25A-4049-B33E-334DA6789E3B}.Release|x64.Build.0 = Release|x64
		{967CE8BF-E25A-4049-B33E-334DA6789E3B}.Release|x86.ActiveCfg = Release|Win32
		{967CE8BF-E25A-4049-B33E-334DA6789E3B}.Release|x86.Build.0 = Release|Win32
		{967CE8BF-E25A-4049-B33E-334DA6789E3B}.RelWithDebInfo|x64.ActiveCfg = Release|x64
		{967CE8BF-E25A-4049-B33E-334DA6789E3B}.RelWithDebInfo|x64.Build.0 = Release|x64
		{967CE8BF-E25A-4049-B33E-334DA6789E3B}.RelWithDebInfo|x86.ActiveCfg = Release|Win32
		{967CE8BF-E25A-4049-B33E-334DA6789E3B}.RelWithDebInfo|x86.Build.0 = Release|Win32
		{30A387F4-6255-3491-A4E1-551D2DB7862A}.Debug|x64.ActiveCfg = Debug|Win32
		{30A387F4-6255-3491-A4E1-551D2DB7862A}.Debug|x86.ActiveCfg = Debug|Win32
		{30A387F4-6255-3491-A4E1-551D2DB7862A}.Debug|x86.Build.0 = Debug|Win32
		{30A387F4-6255-3491-A4E1-551D2DB7862A}.MinSizeRel|x64.ActiveCfg = MinSizeRel|Win32
		{30A387F4-6255-3491-A4E1-551D2DB7862A}.MinSizeRel|x86.ActiveCfg = MinSizeRel|Win32
		{30A387F4-6255-3491-A4E1-551D2DB7862A}.MinSizeRel|x86.Build.0 = MinSizeRel|Win32
		{30A387F4-6255-3491-A4E1-551D2DB7862A}.Release|x64.ActiveCfg = Release|Win32
		{30A387F4-6255-3491-A4E1-551D2DB7862A}.Release|x86.ActiveCfg = Release|Win32
		{30A387F4-6255-3491-A4E1-551D2DB7862A}.Release|x86.Build.0 = Release|Win32
		{30A387F4-6255-3491-A4E1-551D2DB7862A}.RelWithDebInfo|x64.ActiveCfg = RelWithDebInfo|Win32
		{30A387F4-6255-3491-A4E1-551D2DB7862A}.RelWithDebInfo|x86.ActiveCfg = RelWithDebInfo|Win32
		{30A387F4-6255-3491-A4E1-551D2DB7862A}.RelWithDebInfo|x86.Build.0 = RelWithDebInfo|Win32
		{AC03984F-C157-4DD8-AAFD-641C432E3E30}.Debug|x64.ActiveCfg = Debug|x64
		{AC03984F-C157-4DD8-AAFD-641C432E3E30}.Debug|x64.Build.0 = Debug|x64
		{AC03984F-C157-4DD8-AAFD-641C432E3E30}.Debug|x86.ActiveCfg = Debug|Win32
		{AC03984F-C157-4DD8-AAFD-641C432E3E30}.Debug|x86.Build.0 = Debug|Win32
		{AC03984F-C157-4DD8-AAFD-641C432E3E30}.MinSizeRel|x64.ActiveCfg = Release|x64
		{AC03984F-C157-4DD8-AAFD-641C432E3E30}.MinSizeRel|x64.Build.0 = Release|x64
		{AC03984F-C157-4DD8-AAFD-641C432E3E30}.MinSizeRel|x86.ActiveCfg = Release|Win32
		{AC03984F-C157-4DD8-AAFD-641C432E3E30}.MinSizeRel|x86.Build.0 = Release|Win32
		{AC03984F-C157-4DD8-AAFD-641C432E3E30}.Release|x64.ActiveCfg = Release|x64
		{AC03984F-C157-4DD8-AAFD-641C432E3E30}.Release|x64.Build.0 = Release|x64
		{AC03984F-C157-4DD8-AAFD-641C432E3E30}.Release|x86.ActiveCfg = Release|Win32
		{AC03984F-C157-4DD8-AAFD-641C432E3E30}.Release|x86.Build.0 = Release|Win32
		{AC03984F-C157-4DD8-AAFD-641C432E3E30}.RelWithDebInfo|x64.ActiveCfg = Release|x64
		{AC03984F-C157-4DD8-AAFD-641C432E3E30}.RelWithDebInfo|x64.Build.0 = Release|x64
		{AC03984F-C157-4DD8-AAFD-641C432E3E30}.RelWithDebInfo|x86.ActiveCfg = Release|Win32
		{AC03984F-C157-4DD8-AAFD-641C432E3E30}.RelWithDebInfo|x86.Build.0 = Release|Win32
		{967CE8BF-E25A-4049-B67E-334DA6789E3B}.Debug|x64.ActiveCfg = Debug|x64
		{967CE8BF-E25A-4049-B67E-334DA6789E3B}.Debug|x64.Build.0 = Debug|x64
		{967CE8BF-E25A-4049-B67E-334DA6789E3B}.Debug|x86.ActiveCfg = Debug|Win32
		{967CE8BF-E25A-4049-B67E-334DA6789E3B}.Debug|x86.Build.0 = Debug|Win32
		{967CE8BF-E25A-4049-B67E-334DA6789E3B}.MinSizeRel|x64.ActiveCfg = Release|x64
		{967CE8BF-E25A-4049-B67E-334DA6789E3B}.MinSizeRel|x64.Build.0 = Release|x64
		{967CE8BF-E25A-4049-B67E-334DA6789E3B}.MinSizeRel|x86.ActiveCfg = Release|Win32
		{967CE8BF-E25A-4049-B67E-334DA6789E3B}.MinSizeRel|x86.Build.0 = Release|Win32
		{967CE8BF-E25A-4049-B67E-334DA6789E3B}.Release|x64.ActiveCfg = Release|x64
		{967CE8BF-E25A-4049-B67E-334DA6789E3B}.Release|x64.Build.0 = Release|x64
		{967CE8BF-E25A-4049-B67E-334DA6789E3B}.Release|x86.ActiveCfg = Release|Win32
		{967CE8BF-E25A-4049-B67E-334DA6789E3B}.Release|x86.Build.0 = Release|Win32
		{967CE8BF-E25A-4049-B67E-334DA6789E3B}.RelWithDebInfo|x64.ActiveCfg = Release|x64
		{967CE8BF-E25A-4049-B67E-334DA6789E3B}.RelWithDebInfo|x64.Build.0 = Release|x64
		{967CE8BF-E25A-4049-B67E-334DA6789E3B}.RelWithDebInfo|x86.ActiveCfg = Release|Win32
		{967CE8BF-E25A-4049-B67E-334DA6789E3B}.RelWithDebInfo|x86.Build.0 = Release|Win32
	EndGlobalSection
	GlobalSection(SolutionProperties) = preSolution
		HideSolutionNode = FALSE
	EndGlobalSection
EndGlobal
